
Microsoft Visual Studio Solution File, Format Version 12.00
# Visual Studio Version 17
VisualStudioVersion = 17.2.32630.192
MinimumVisualStudioVersion = 10.0.40219.1
Project("{FAE04EC0-301F-11D3-BF4B-00C04F79EFBC}") = "Less2_cw", "Less2_cw\Less2_cw.csproj", "{8A6616A2-F934-4B5F-A562-50A5C40EA179}"
EndProject
Global
	GlobalSection(SolutionConfigurationPlatforms) = preSolution
		Debug|Any CPU = Debug|Any CPU
		Release|Any CPU = Release|Any CPU
	EndGlobalSection
	GlobalSection(ProjectConfigurationPlatforms) = postSolution
		{8A6616A2-F934-4B5F-A562-50A5C40EA179}.Debug|Any CPU.ActiveCfg = Debug|Any CPU
		{8A6616A2-F934-4B5F-A562-50A5C40EA179}.Debug|Any CPU.Build.0 = Debug|Any CPU
		{8A6616A2-F934-4B5F-A562-50A5C40EA179}.Release|Any CPU.ActiveCfg = Release|Any CPU
		{8A6616A2-F934-4B5F-A562-50A5C40EA179}.Release|Any CPU.Build.0 = Release|Any CPU
	EndGlobalSection
	GlobalSection(SolutionProperties) = preSolution
		HideSolutionNode = FALSE
	EndGlobalSection
	GlobalSection(ExtensibilityGlobals) = postSolution
		SolutionGuid = {2A8B6443-A043-40E2-B1A8-7B65DBDAA511}
	EndGlobalSection
EndGlobal
