
Microsoft Visual Studio Solution File, Format Version 12.00
# Visual Studio Version 16
VisualStudioVersion = 16.0.31424.327
MinimumVisualStudioVersion = 10.0.40219.1
Project("{FAE04EC0-301F-11D3-BF4B-00C04F79EFBC}") = "UI", "UI\UI.csproj", "{4F04617D-8A24-4A71-95EF-9AFCB0167BBE}"
EndProject
Project("{FAE04EC0-301F-11D3-BF4B-00C04F79EFBC}") = "BLL", "BLL\BLL.csproj", "{7FC3F894-B0C0-4207-A65C-2DF7096FD981}"
EndProject
Project("{FAE04EC0-301F-11D3-BF4B-00C04F79EFBC}") = "DAL", "DAL\DAL.csproj", "{EEBD2F50-61EE-4066-9FEB-F677988B2917}"
EndProject
Global
	GlobalSection(SolutionConfigurationPlatforms) = preSolution
		Debug|Any CPU = Debug|Any CPU
		Debug|x64 = Debug|x64
		Debug|x86 = Debug|x86
		Release|Any CPU = Release|Any CPU
		Release|x64 = Release|x64
		Release|x86 = Release|x86
	EndGlobalSection
	GlobalSection(ProjectConfigurationPlatforms) = postSolution
		{4F04617D-8A24-4A71-95EF-9AFCB0167BBE}.Debug|Any CPU.ActiveCfg = Debug|Any CPU
		{4F04617D-8A24-4A71-95EF-9AFCB0167BBE}.Debug|Any CPU.Build.0 = Debug|Any CPU
		{4F04617D-8A24-4A71-95EF-9AFCB0167BBE}.Debug|x64.ActiveCfg = Debug|Any CPU
		{4F04617D-8A24-4A71-95EF-9AFCB0167BBE}.Debug|x64.Build.0 = Debug|Any CPU
		{4F04617D-8A24-4A71-95EF-9AFCB0167BBE}.Debug|x86.ActiveCfg = Debug|Any CPU
		{4F04617D-8A24-4A71-95EF-9AFCB0167BBE}.Debug|x86.Build.0 = Debug|Any CPU
		{4F04617D-8A24-4A71-95EF-9AFCB0167BBE}.Release|Any CPU.ActiveCfg = Release|Any CPU
		{4F04617D-8A24-4A71-95EF-9AFCB0167BBE}.Release|Any CPU.Build.0 = Release|Any CPU
		{4F04617D-8A24-4A71-95EF-9AFCB0167BBE}.Release|x64.ActiveCfg = Release|Any CPU
		{4F04617D-8A24-4A71-95EF-9AFCB0167BBE}.Release|x64.Build.0 = Release|Any CPU
		{4F04617D-8A24-4A71-95EF-9AFCB0167BBE}.Release|x86.ActiveCfg = Release|Any CPU
		{4F04617D-8A24-4A71-95EF-9AFCB0167BBE}.Release|x86.Build.0 = Release|Any CPU
		{7FC3F894-B0C0-4207-A65C-2DF7096FD981}.Debug|Any CPU.ActiveCfg = Debug|Any CPU
		{7FC3F894-B0C0-4207-A65C-2DF7096FD981}.Debug|Any CPU.Build.0 = Debug|Any CPU
		{7FC3F894-B0C0-4207-A65C-2DF7096FD981}.Debug|x64.ActiveCfg = Debug|Any CPU
		{7FC3F894-B0C0-4207-A65C-2DF7096FD981}.Debug|x64.Build.0 = Debug|Any CPU
		{7FC3F894-B0C0-4207-A65C-2DF7096FD981}.Debug|x86.ActiveCfg = Debug|Any CPU
		{7FC3F894-B0C0-4207-A65C-2DF7096FD981}.Debug|x86.Build.0 = Debug|Any CPU
		{7FC3F894-B0C0-4207-A65C-2DF7096FD981}.Release|Any CPU.ActiveCfg = Release|Any CPU
		{7FC3F894-B0C0-4207-A65C-2DF7096FD981}.Release|Any CPU.Build.0 = Release|Any CPU
		{7FC3F894-B0C0-4207-A65C-2DF7096FD981}.Release|x64.ActiveCfg = Release|Any CPU
		{7FC3F894-B0C0-4207-A65C-2DF7096FD981}.Release|x64.Build.0 = Release|Any CPU
		{7FC3F894-B0C0-4207-A65C-2DF7096FD981}.Release|x86.ActiveCfg = Release|Any CPU
		{7FC3F894-B0C0-4207-A65C-2DF7096FD981}.Release|x86.Build.0 = Release|Any CPU
		{EEBD2F50-61EE-4066-9FEB-F677988B2917}.Debug|Any CPU.ActiveCfg = Debug|Any CPU
		{EEBD2F50-61EE-4066-9FEB-F677988B2917}.Debug|Any CPU.Build.0 = Debug|Any CPU
		{EEBD2F50-61EE-4066-9FEB-F677988B2917}.Debug|x64.ActiveCfg = Debug|Any CPU
		{EEBD2F50-61EE-4066-9FEB-F677988B2917}.Debug|x64.Build.0 = Debug|Any CPU
		{EEBD2F50-61EE-4066-9FEB-F677988B2917}.Debug|x86.ActiveCfg = Debug|Any CPU
		{EEBD2F50-61EE-4066-9FEB-F677988B2917}.Debug|x86.Build.0 = Debug|Any CPU
		{EEBD2F50-61EE-4066-9FEB-F677988B2917}.Release|Any CPU.ActiveCfg = Release|Any CPU
		{EEBD2F50-61EE-4066-9FEB-F677988B2917}.Release|Any CPU.Build.0 = Release|Any CPU
		{EEBD2F50-61EE-4066-9FEB-F677988B2917}.Release|x64.ActiveCfg = Release|Any CPU
		{EEBD2F50-61EE-4066-9FEB-F677988B2917}.Release|x64.Build.0 = Release|Any CPU
		{EEBD2F50-61EE-4066-9FEB-F677988B2917}.Release|x86.ActiveCfg = Release|Any CPU
		{EEBD2F50-61EE-4066-9FEB-F677988B2917}.Release|x86.Build.0 = Release|Any CPU
	EndGlobalSection
	GlobalSection(SolutionProperties) = preSolution
		HideSolutionNode = FALSE
	EndGlobalSection
	GlobalSection(ExtensibilityGlobals) = postSolution
		SolutionGuid = {E6BE3FF3-BE0D-42EB-82FF-E335DDC4C2AC}
	EndGlobalSection
EndGlobal
