
Microsoft Visual Studio Solution File, Format Version 12.00
# Visual Studio Version 17
VisualStudioVersion = 17.2.32630.192
MinimumVisualStudioVersion = 10.0.40219.1
Project("{FAE04EC0-301F-11D3-BF4B-00C04F79EFBC}") = "Less2_new_cw", "Less2_new_cw\Less2_new_cw.csproj", "{E517A0DF-D43C-4DFD-9677-9F7F93BD84A5}"
EndProject
Global
	GlobalSection(SolutionConfigurationPlatforms) = preSolution
		Debug|Any CPU = Debug|Any CPU
		Release|Any CPU = Release|Any CPU
	EndGlobalSection
	GlobalSection(ProjectConfigurationPlatforms) = postSolution
		{E517A0DF-D43C-4DFD-9677-9F7F93BD84A5}.Debug|Any CPU.ActiveCfg = Debug|Any CPU
		{E517A0DF-D43C-4DFD-9677-9F7F93BD84A5}.Debug|Any CPU.Build.0 = Debug|Any CPU
		{E517A0DF-D43C-4DFD-9677-9F7F93BD84A5}.Release|Any CPU.ActiveCfg = Release|Any CPU
		{E517A0DF-D43C-4DFD-9677-9F7F93BD84A5}.Release|Any CPU.Build.0 = Release|Any CPU
	EndGlobalSection
	GlobalSection(SolutionProperties) = preSolution
		HideSolutionNode = FALSE
	EndGlobalSection
	GlobalSection(ExtensibilityGlobals) = postSolution
		SolutionGuid = {0972B443-8D92-4AED-8801-2910ADE74FF5}
	EndGlobalSection
EndGlobal
