
Microsoft Visual Studio Solution File, Format Version 12.00
# Visual Studio Version 16
VisualStudioVersion = 16.0.31424.327
MinimumVisualStudioVersion = 10.0.40219.1
Project("{FAE04EC0-301F-11D3-BF4B-00C04F79EFBC}") = "Test_task_Radency", "Test_task_Radency\Test_task_Radency.csproj", "{10192339-7460-46BE-B97A-ABFF5348D580}"
EndProject
Global
	GlobalSection(SolutionConfigurationPlatforms) = preSolution
		Debug|Any CPU = Debug|Any CPU
		Release|Any CPU = Release|Any CPU
	EndGlobalSection
	GlobalSection(ProjectConfigurationPlatforms) = postSolution
		{10192339-7460-46BE-B97A-ABFF5348D580}.Debug|Any CPU.ActiveCfg = Debug|Any CPU
		{10192339-7460-46BE-B97A-ABFF5348D580}.Debug|Any CPU.Build.0 = Debug|Any CPU
		{10192339-7460-46BE-B97A-ABFF5348D580}.Release|Any CPU.ActiveCfg = Release|Any CPU
		{10192339-7460-46BE-B97A-ABFF5348D580}.Release|Any CPU.Build.0 = Release|Any CPU
	EndGlobalSection
	GlobalSection(SolutionProperties) = preSolution
		HideSolutionNode = FALSE
	EndGlobalSection
	GlobalSection(ExtensibilityGlobals) = postSolution
		SolutionGuid = {454DC926-7B81-4A5E-B574-15E53E6445EA}
	EndGlobalSection
EndGlobal
