
Microsoft Visual Studio Solution File, Format Version 12.00
# Visual Studio Version 17
VisualStudioVersion = 17.2.32630.192
MinimumVisualStudioVersion = 10.0.40219.1
Project("{9A19103F-16F7-4668-BE54-9A1E7A4F7556}") = "DirCopy", "Less3_new_hw\DirCopy.csproj", "{F1A2E414-7DC2-42E5-9751-ECE143D06E57}"
EndProject
Project("{9A19103F-16F7-4668-BE54-9A1E7A4F7556}") = "CopyFile", "CopyFile\CopyFile.csproj", "{5F7DBA50-1BB7-45E8-ABF1-D52844EE5BC1}"
EndProject
Global
	GlobalSection(SolutionConfigurationPlatforms) = preSolution
		Debug|Any CPU = Debug|Any CPU
		Release|Any CPU = Release|Any CPU
	EndGlobalSection
	GlobalSection(ProjectConfigurationPlatforms) = postSolution
		{F1A2E414-7DC2-42E5-9751-ECE143D06E57}.Debug|Any CPU.ActiveCfg = Debug|Any CPU
		{F1A2E414-7DC2-42E5-9751-ECE143D06E57}.Debug|Any CPU.Build.0 = Debug|Any CPU
		{F1A2E414-7DC2-42E5-9751-ECE143D06E57}.Release|Any CPU.ActiveCfg = Release|Any CPU
		{F1A2E414-7DC2-42E5-9751-ECE143D06E57}.Release|Any CPU.Build.0 = Release|Any CPU
		{5F7DBA50-1BB7-45E8-ABF1-D52844EE5BC1}.Debug|Any CPU.ActiveCfg = Debug|Any CPU
		{5F7DBA50-1BB7-45E8-ABF1-D52844EE5BC1}.Debug|Any CPU.Build.0 = Debug|Any CPU
		{5F7DBA50-1BB7-45E8-ABF1-D52844EE5BC1}.Release|Any CPU.ActiveCfg = Release|Any CPU
		{5F7DBA50-1BB7-45E8-ABF1-D52844EE5BC1}.Release|Any CPU.Build.0 = Release|Any CPU
	EndGlobalSection
	GlobalSection(SolutionProperties) = preSolution
		HideSolutionNode = FALSE
	EndGlobalSection
	GlobalSection(ExtensibilityGlobals) = postSolution
		SolutionGuid = {0C964549-C04E-41AA-99FE-83FE131823B8}
	EndGlobalSection
EndGlobal
