
Microsoft Visual Studio Solution File, Format Version 12.00
# Visual Studio Version 17
VisualStudioVersion = 17.2.32630.192
MinimumVisualStudioVersion = 10.0.40219.1
Project("{9A19103F-16F7-4668-BE54-9A1E7A4F7556}") = "TextAnalizer", "Less4_new_hw\TextAnalizer.csproj", "{8CAD0043-D8DC-4854-9004-50FDF46C5E2A}"
EndProject
Project("{9A19103F-16F7-4668-BE54-9A1E7A4F7556}") = "DirComparer", "Less3_new_hw\DirComparer.csproj", "{DBA0340C-2794-4EDF-A0C9-4304DAFF849F}"
EndProject
Global
	GlobalSection(SolutionConfigurationPlatforms) = preSolution
		Debug|Any CPU = Debug|Any CPU
		Release|Any CPU = Release|Any CPU
	EndGlobalSection
	GlobalSection(ProjectConfigurationPlatforms) = postSolution
		{8CAD0043-D8DC-4854-9004-50FDF46C5E2A}.Debug|Any CPU.ActiveCfg = Debug|Any CPU
		{8CAD0043-D8DC-4854-9004-50FDF46C5E2A}.Debug|Any CPU.Build.0 = Debug|Any CPU
		{8CAD0043-D8DC-4854-9004-50FDF46C5E2A}.Release|Any CPU.ActiveCfg = Release|Any CPU
		{8CAD0043-D8DC-4854-9004-50FDF46C5E2A}.Release|Any CPU.Build.0 = Release|Any CPU
		{DBA0340C-2794-4EDF-A0C9-4304DAFF849F}.Debug|Any CPU.ActiveCfg = Debug|Any CPU
		{DBA0340C-2794-4EDF-A0C9-4304DAFF849F}.Debug|Any CPU.Build.0 = Debug|Any CPU
		{DBA0340C-2794-4EDF-A0C9-4304DAFF849F}.Release|Any CPU.ActiveCfg = Release|Any CPU
		{DBA0340C-2794-4EDF-A0C9-4304DAFF849F}.Release|Any CPU.Build.0 = Release|Any CPU
	EndGlobalSection
	GlobalSection(SolutionProperties) = preSolution
		HideSolutionNode = FALSE
	EndGlobalSection
	GlobalSection(ExtensibilityGlobals) = postSolution
		SolutionGuid = {5EDC9F56-B0DC-43B7-8673-1E2BC28AEB2A}
	EndGlobalSection
EndGlobal
