
Microsoft Visual Studio Solution File, Format Version 12.00
# Visual Studio Version 16
VisualStudioVersion = 16.0.31025.194
MinimumVisualStudioVersion = 10.0.40219.1
Project("{FAE04EC0-301F-11D3-BF4B-00C04F79EFBC}") = "Linear", "Less4_hw\Linear.csproj", "{7D015C05-1F75-47F1-84A2-D0A3C20B8EBD}"
EndProject
Project("{FAE04EC0-301F-11D3-BF4B-00C04F79EFBC}") = "System2Linear", "System2Linear\System2Linear.csproj", "{AF3DCE61-B4CF-4C12-BC59-1AF310D2337F}"
EndProject
Project("{FAE04EC0-301F-11D3-BF4B-00C04F79EFBC}") = "Complex", "Complex\Complex.csproj", "{F145ACC8-3E1A-4F49-AE15-10B87B2C8395}"
EndProject
Project("{FAE04EC0-301F-11D3-BF4B-00C04F79EFBC}") = "Fraction", "Fraction\Fraction.csproj", "{B775C26E-9AEF-4DC7-A244-2306215EA62D}"
EndProject
Global
	GlobalSection(SolutionConfigurationPlatforms) = preSolution
		Debug|Any CPU = Debug|Any CPU
		Release|Any CPU = Release|Any CPU
	EndGlobalSection
	GlobalSection(ProjectConfigurationPlatforms) = postSolution
		{7D015C05-1F75-47F1-84A2-D0A3C20B8EBD}.Debug|Any CPU.ActiveCfg = Debug|Any CPU
		{7D015C05-1F75-47F1-84A2-D0A3C20B8EBD}.Debug|Any CPU.Build.0 = Debug|Any CPU
		{7D015C05-1F75-47F1-84A2-D0A3C20B8EBD}.Release|Any CPU.ActiveCfg = Release|Any CPU
		{7D015C05-1F75-47F1-84A2-D0A3C20B8EBD}.Release|Any CPU.Build.0 = Release|Any CPU
		{AF3DCE61-B4CF-4C12-BC59-1AF310D2337F}.Debug|Any CPU.ActiveCfg = Debug|Any CPU
		{AF3DCE61-B4CF-4C12-BC59-1AF310D2337F}.Debug|Any CPU.Build.0 = Debug|Any CPU
		{AF3DCE61-B4CF-4C12-BC59-1AF310D2337F}.Release|Any CPU.ActiveCfg = Release|Any CPU
		{AF3DCE61-B4CF-4C12-BC59-1AF310D2337F}.Release|Any CPU.Build.0 = Release|Any CPU
		{F145ACC8-3E1A-4F49-AE15-10B87B2C8395}.Debug|Any CPU.ActiveCfg = Debug|Any CPU
		{F145ACC8-3E1A-4F49-AE15-10B87B2C8395}.Debug|Any CPU.Build.0 = Debug|Any CPU
		{F145ACC8-3E1A-4F49-AE15-10B87B2C8395}.Release|Any CPU.ActiveCfg = Release|Any CPU
		{F145ACC8-3E1A-4F49-AE15-10B87B2C8395}.Release|Any CPU.Build.0 = Release|Any CPU
		{B775C26E-9AEF-4DC7-A244-2306215EA62D}.Debug|Any CPU.ActiveCfg = Debug|Any CPU
		{B775C26E-9AEF-4DC7-A244-2306215EA62D}.Debug|Any CPU.Build.0 = Debug|Any CPU
		{B775C26E-9AEF-4DC7-A244-2306215EA62D}.Release|Any CPU.ActiveCfg = Release|Any CPU
		{B775C26E-9AEF-4DC7-A244-2306215EA62D}.Release|Any CPU.Build.0 = Release|Any CPU
	EndGlobalSection
	GlobalSection(SolutionProperties) = preSolution
		HideSolutionNode = FALSE
	EndGlobalSection
	GlobalSection(ExtensibilityGlobals) = postSolution
		SolutionGuid = {2B078C43-7CA8-4A74-B01C-61E033B209F0}
	EndGlobalSection
EndGlobal
