
Microsoft Visual Studio Solution File, Format Version 12.00
# Visual Studio Version 17
VisualStudioVersion = 17.2.32630.192
MinimumVisualStudioVersion = 10.0.40219.1
Project("{FAE04EC0-301F-11D3-BF4B-00C04F79EFBC}") = "Less1_new_hw1", "Less1_new_hw1\Less1_new_hw1.csproj", "{07849AC8-3155-4AE5-91C7-30271D2D1437}"
EndProject
Global
	GlobalSection(SolutionConfigurationPlatforms) = preSolution
		Debug|Any CPU = Debug|Any CPU
		Release|Any CPU = Release|Any CPU
	EndGlobalSection
	GlobalSection(ProjectConfigurationPlatforms) = postSolution
		{07849AC8-3155-4AE5-91C7-30271D2D1437}.Debug|Any CPU.ActiveCfg = Debug|Any CPU
		{07849AC8-3155-4AE5-91C7-30271D2D1437}.Debug|Any CPU.Build.0 = Debug|Any CPU
		{07849AC8-3155-4AE5-91C7-30271D2D1437}.Release|Any CPU.ActiveCfg = Release|Any CPU
		{07849AC8-3155-4AE5-91C7-30271D2D1437}.Release|Any CPU.Build.0 = Release|Any CPU
	EndGlobalSection
	GlobalSection(SolutionProperties) = preSolution
		HideSolutionNode = FALSE
	EndGlobalSection
	GlobalSection(ExtensibilityGlobals) = postSolution
		SolutionGuid = {D440B239-1E69-42BB-9623-E6163C330129}
	EndGlobalSection
EndGlobal
