
Microsoft Visual Studio Solution File, Format Version 12.00
# Visual Studio Version 17
VisualStudioVersion = 17.2.32630.192
MinimumVisualStudioVersion = 10.0.40219.1
Project("{FAE04EC0-301F-11D3-BF4B-00C04F79EFBC}") = "Less3_cw", "Less3_cw\Less3_cw.csproj", "{78FCD25B-F8E7-40EF-B67D-EBE2AAB06B4A}"
EndProject
Global
	GlobalSection(SolutionConfigurationPlatforms) = preSolution
		Debug|Any CPU = Debug|Any CPU
		Release|Any CPU = Release|Any CPU
	EndGlobalSection
	GlobalSection(ProjectConfigurationPlatforms) = postSolution
		{78FCD25B-F8E7-40EF-B67D-EBE2AAB06B4A}.Debug|Any CPU.ActiveCfg = Debug|Any CPU
		{78FCD25B-F8E7-40EF-B67D-EBE2AAB06B4A}.Debug|Any CPU.Build.0 = Debug|Any CPU
		{78FCD25B-F8E7-40EF-B67D-EBE2AAB06B4A}.Release|Any CPU.ActiveCfg = Release|Any CPU
		{78FCD25B-F8E7-40EF-B67D-EBE2AAB06B4A}.Release|Any CPU.Build.0 = Release|Any CPU
	EndGlobalSection
	GlobalSection(SolutionProperties) = preSolution
		HideSolutionNode = FALSE
	EndGlobalSection
	GlobalSection(ExtensibilityGlobals) = postSolution
		SolutionGuid = {4E289EB6-A8E2-4F5E-95F1-543BEEB95535}
	EndGlobalSection
EndGlobal
