
Microsoft Visual Studio Solution File, Format Version 12.00
Project("{FAE04EC0-301F-11D3-BF4B-00C04F79EFBC}") = "AcademyWebApp", "AcademyWebApp\AcademyWebApp.csproj", "{007EE9AC-C986-4DBB-ACED-76FA869CC818}"
EndProject
Global
	GlobalSection(SolutionConfigurationPlatforms) = preSolution
		Debug|Any CPU = Debug|Any CPU
		Release|Any CPU = Release|Any CPU
	EndGlobalSection
	GlobalSection(ProjectConfigurationPlatforms) = postSolution
		{007EE9AC-C986-4DBB-ACED-76FA869CC818}.Debug|Any CPU.ActiveCfg = Debug|Any CPU
		{007EE9AC-C986-4DBB-ACED-76FA869CC818}.Debug|Any CPU.Build.0 = Debug|Any CPU
		{007EE9AC-C986-4DBB-ACED-76FA869CC818}.Release|Any CPU.ActiveCfg = Release|Any CPU
		{007EE9AC-C986-4DBB-ACED-76FA869CC818}.Release|Any CPU.Build.0 = Release|Any CPU
	EndGlobalSection
EndGlobal
