
Microsoft Visual Studio Solution File, Format Version 12.00
# Visual Studio Version 16
VisualStudioVersion = 16.0.31424.327
MinimumVisualStudioVersion = 10.0.40219.1
Project("{FAE04EC0-301F-11D3-BF4B-00C04F79EFBC}") = "Less1_hw", "Less1_hw\Less1_hw.csproj", "{45C686C2-7A5F-42F6-9AB3-9149A61C5F4D}"
EndProject
Global
	GlobalSection(SolutionConfigurationPlatforms) = preSolution
		Debug|Any CPU = Debug|Any CPU
		Release|Any CPU = Release|Any CPU
	EndGlobalSection
	GlobalSection(ProjectConfigurationPlatforms) = postSolution
		{45C686C2-7A5F-42F6-9AB3-9149A61C5F4D}.Debug|Any CPU.ActiveCfg = Debug|Any CPU
		{45C686C2-7A5F-42F6-9AB3-9149A61C5F4D}.Debug|Any CPU.Build.0 = Debug|Any CPU
		{45C686C2-7A5F-42F6-9AB3-9149A61C5F4D}.Release|Any CPU.ActiveCfg = Release|Any CPU
		{45C686C2-7A5F-42F6-9AB3-9149A61C5F4D}.Release|Any CPU.Build.0 = Release|Any CPU
	EndGlobalSection
	GlobalSection(SolutionProperties) = preSolution
		HideSolutionNode = FALSE
	EndGlobalSection
	GlobalSection(ExtensibilityGlobals) = postSolution
		SolutionGuid = {4791CA9D-4B30-4222-9EE6-F679D9A60D7B}
	EndGlobalSection
EndGlobal
