
Microsoft Visual Studio Solution File, Format Version 12.00
# Visual Studio 15
VisualStudioVersion = 15.0.28307.106
MinimumVisualStudioVersion = 10.0.40219.1
Project("{FAE04EC0-301F-11D3-BF4B-00C04F79EFBC}") = "AcademyApp", "AcademyApp\AcademyApp.csproj", "{292C26ED-E8B2-4616-9F44-E2CA21D15BA9}"
EndProject
Project("{FAE04EC0-301F-11D3-BF4B-00C04F79EFBC}") = "SimpleDemo", "SimpleDemo\SimpleDemo.csproj", "{0ADBAE05-D42F-4F86-BA72-CE66ECC24DB2}"
EndProject
Global
	GlobalSection(SolutionConfigurationPlatforms) = preSolution
		Debug|Any CPU = Debug|Any CPU
		Release|Any CPU = Release|Any CPU
	EndGlobalSection
	GlobalSection(ProjectConfigurationPlatforms) = postSolution
		{292C26ED-E8B2-4616-9F44-E2CA21D15BA9}.Debug|Any CPU.ActiveCfg = Debug|Any CPU
		{292C26ED-E8B2-4616-9F44-E2CA21D15BA9}.Debug|Any CPU.Build.0 = Debug|Any CPU
		{292C26ED-E8B2-4616-9F44-E2CA21D15BA9}.Release|Any CPU.ActiveCfg = Release|Any CPU
		{292C26ED-E8B2-4616-9F44-E2CA21D15BA9}.Release|Any CPU.Build.0 = Release|Any CPU
		{0ADBAE05-D42F-4F86-BA72-CE66ECC24DB2}.Debug|Any CPU.ActiveCfg = Debug|Any CPU
		{0ADBAE05-D42F-4F86-BA72-CE66ECC24DB2}.Debug|Any CPU.Build.0 = Debug|Any CPU
		{0ADBAE05-D42F-4F86-BA72-CE66ECC24DB2}.Release|Any CPU.ActiveCfg = Release|Any CPU
		{0ADBAE05-D42F-4F86-BA72-CE66ECC24DB2}.Release|Any CPU.Build.0 = Release|Any CPU
	EndGlobalSection
	GlobalSection(SolutionProperties) = preSolution
		HideSolutionNode = FALSE
	EndGlobalSection
	GlobalSection(ExtensibilityGlobals) = postSolution
		SolutionGuid = {6A76DD13-D1B6-459A-ACF6-EFE09108DB7B}
	EndGlobalSection
EndGlobal
